PODS:
  - rapidjson (1.1.0)
  - Tink (1.6.1):
    - rapidjson (~> 1.1.0)

DEPENDENCIES:
  - Tink

SPEC REPOS:
  trunk:
    - rapidjson
    - Tink

SPEC CHECKSUMS:
  rapidjson: 926ddeea70d7a0987b6d746cd9fa51f165467cd3
  Tink: 6bc1e1c5381a750ca2ee7e897cc3ee448bfe175d

PODFILE CHECKSUM: ccbe0600c68fc8efafb57e80e509e78703f9d756

COCOAPODS: 1.11.3
