// !$*UTF8*$!
{
	archiveVersion = 1;
	classes = {
	};
	objectVersion = 56;
	objects = {

/* Begin PBXBuildFile section */
		893ABFFD29276D2100DC40F3 /* SwiftyRSA.framework in Frameworks */ = {isa = PBXBuildFile; fileRef = 893ABFFC29276D2100DC40F3 /* SwiftyRSA.framework */; };
		8950D5DD2923C0C50030FE7F /* capillaryios.swift in Sources */ = {isa = PBXBuildFile; fileRef = 8950D5DC2923C0C50030FE7F /* capillaryios.swift */; };
		89A0CCC629267E4B000244CD /* libcapillaryios.a in Frameworks */ = {isa = PBXBuildFile; fileRef = 89B4386F2923B4ED00581DA2 /* libcapillaryios.a */; };
		89A0CCC92926811C000244CD /* SwiftyRSA in Frameworks */ = {isa = PBXBuildFile; productRef = 89A0CCC82926811C000244CD /* SwiftyRSA */; };
		89B780A52924A10B00F40435 /* RSAKeyManager.swift in Sources */ = {isa = PBXBuildFile; fileRef = 89B780A42924A10B00F40435 /* RSAKeyManager.swift */; };
		89B780A72924A14300F40435 /* CryptoExportImportManager.swift in Sources */ = {isa = PBXBuildFile; fileRef = 89B780A62924A14300F40435 /* CryptoExportImportManager.swift */; };
		89C0CA6F2925F0D200457467 /* TestCapillaryApp.swift in Sources */ = {isa = PBXBuildFile; fileRef = 89C0CA6E2925F0D200457467 /* TestCapillaryApp.swift */; };
		89C0CA712925F0D200457467 /* ContentView.swift in Sources */ = {isa = PBXBuildFile; fileRef = 89C0CA702925F0D200457467 /* ContentView.swift */; };
		89C0CA732925F0D300457467 /* Assets.xcassets in Resources */ = {isa = PBXBuildFile; fileRef = 89C0CA722925F0D300457467 /* Assets.xcassets */; };
		89C0CA762925F0D300457467 /* Preview Assets.xcassets in Resources */ = {isa = PBXBuildFile; fileRef = 89C0CA752925F0D300457467 /* Preview Assets.xcassets */; };
		89C0CA802925F0D400457467 /* TestCapillaryTests.swift in Sources */ = {isa = PBXBuildFile; fileRef = 89C0CA7F2925F0D400457467 /* TestCapillaryTests.swift */; };
		89C0CA8A2925F0D400457467 /* TestCapillaryUITests.swift in Sources */ = {isa = PBXBuildFile; fileRef = 89C0CA892925F0D400457467 /* TestCapillaryUITests.swift */; };
		89C0CA8C2925F0D400457467 /* TestCapillaryUITestsLaunchTests.swift in Sources */ = {isa = PBXBuildFile; fileRef = 89C0CA8B2925F0D400457467 /* TestCapillaryUITestsLaunchTests.swift */; };
		89C0CAB02925F4A600457467 /* SwiftyRSA.framework in Embed Frameworks */ = {isa = PBXBuildFile; fileRef = 89C0CAA22925F3B300457467 /* SwiftyRSA.framework */; settings = {ATTRIBUTES = (CodeSignOnCopy, RemoveHeadersOnCopy, ); }; };
		89C0CAB32925F4B900457467 /* Pods_capillaryios.framework in Embed Frameworks */ = {isa = PBXBuildFile; fileRef = 89C0CAB12925F4B800457467 /* Pods_capillaryios.framework */; settings = {ATTRIBUTES = (CodeSignOnCopy, RemoveHeadersOnCopy, ); }; };
		89D0E25B2925211400DA679C /* SwiftyRSA.framework in Frameworks */ = {isa = PBXBuildFile; fileRef = 89D0E25A2925211400DA679C /* SwiftyRSA.framework */; };
		BAE841B7DF88AE148646E99D /* Pods_capillaryios.framework in Frameworks */ = {isa = PBXBuildFile; fileRef = 89C0CAA92925F48C00457467 /* Pods_capillaryios.framework */; };
/* End PBXBuildFile section */

/* Begin PBXContainerItemProxy section */
		89A0CCBA29267016000244CD /* PBXContainerItemProxy */ = {
			isa = PBXContainerItemProxy;
			containerPortal = 89B438672923B4ED00581DA2 /* Project object */;
			proxyType = 1;
			remoteGlobalIDString = 89B4386E2923B4ED00581DA2;
			remoteInfo = capillaryios;
		};
		89C0CA7C2925F0D400457467 /* PBXContainerItemProxy */ = {
			isa = PBXContainerItemProxy;
			containerPortal = 89B438672923B4ED00581DA2 /* Project object */;
			proxyType = 1;
			remoteGlobalIDString = 89C0CA6B2925F0D200457467;
			remoteInfo = TestCapillary;
		};
		89C0CA862925F0D400457467 /* PBXContainerItemProxy */ = {
			isa = PBXContainerItemProxy;
			containerPortal = 89B438672923B4ED00581DA2 /* Project object */;
			proxyType = 1;
			remoteGlobalIDString = 89C0CA6B2925F0D200457467;
			remoteInfo = TestCapillary;
		};
/* End PBXContainerItemProxy section */

/* Begin PBXCopyFilesBuildPhase section */
		89B4386D2923B4ED00581DA2 /* CopyFiles */ = {
			isa = PBXCopyFilesBuildPhase;
			buildActionMask = 2147483647;
			dstPath = "include/$(PRODUCT_NAME)";
			dstSubfolderSpec = 16;
			files = (
			);
			runOnlyForDeploymentPostprocessing = 0;
		};
		89C0CAA82925F48900457467 /* Embed Frameworks */ = {
			isa = PBXCopyFilesBuildPhase;
			buildActionMask = 2147483647;
			dstPath = "";
			dstSubfolderSpec = 10;
			files = (
				89C0CAB32925F4B900457467 /* Pods_capillaryios.framework in Embed Frameworks */,
				89C0CAB02925F4A600457467 /* SwiftyRSA.framework in Embed Frameworks */,
			);
			name = "Embed Frameworks";
			runOnlyForDeploymentPostprocessing = 0;
		};
/* End PBXCopyFilesBuildPhase section */

/* Begin PBXFileReference section */
		41F94D8187D1E0717CC2047F /* Pods-capillaryios.release.xcconfig */ = {isa = PBXFileReference; includeInIndex = 1; lastKnownFileType = text.xcconfig; name = "Pods-capillaryios.release.xcconfig"; path = "Target Support Files/Pods-capillaryios/Pods-capillaryios.release.xcconfig"; sourceTree = "<group>"; };
		52044CAA64F59DB8E0A8AAA4 /* Pods-capillaryios.debug.xcconfig */ = {isa = PBXFileReference; includeInIndex = 1; lastKnownFileType = text.xcconfig; name = "Pods-capillaryios.debug.xcconfig"; path = "Target Support Files/Pods-capillaryios/Pods-capillaryios.debug.xcconfig"; sourceTree = "<group>"; };
		7517511F1F3CB079C4052C53 /* Pods_capillaryios.framework */ = {isa = PBXFileReference; explicitFileType = wrapper.framework; includeInIndex = 0; path = Pods_capillaryios.framework; sourceTree = BUILT_PRODUCTS_DIR; };
		893ABFFC29276D2100DC40F3 /* SwiftyRSA.framework */ = {isa = PBXFileReference; lastKnownFileType = wrapper.framework; name = SwiftyRSA.framework; path = "build/Build/Products/Release-iphonesimulator/PackageFrameworks/SwiftyRSA.framework"; sourceTree = "<group>"; };
		8950D5DC2923C0C50030FE7F /* capillaryios.swift */ = {isa = PBXFileReference; fileEncoding = 4; lastKnownFileType = sourcecode.swift; path = capillaryios.swift; sourceTree = "<group>"; };
		89B4386F2923B4ED00581DA2 /* libcapillaryios.a */ = {isa = PBXFileReference; explicitFileType = archive.ar; includeInIndex = 0; path = libcapillaryios.a; sourceTree = BUILT_PRODUCTS_DIR; };
		89B438792923B4FF00581DA2 /* capillaryios-Bridging-Header.h */ = {isa = PBXFileReference; lastKnownFileType = sourcecode.c.h; path = "capillaryios-Bridging-Header.h"; sourceTree = "<group>"; };
		89B780A42924A10B00F40435 /* RSAKeyManager.swift */ = {isa = PBXFileReference; lastKnownFileType = sourcecode.swift; path = RSAKeyManager.swift; sourceTree = "<group>"; };
		89B780A62924A14300F40435 /* CryptoExportImportManager.swift */ = {isa = PBXFileReference; lastKnownFileType = sourcecode.swift; path = CryptoExportImportManager.swift; sourceTree = "<group>"; };
		89C0CA202924FA8600457467 /* SwiftyRSA.framework */ = {isa = PBXFileReference; explicitFileType = wrapper.framework; path = SwiftyRSA.framework; sourceTree = BUILT_PRODUCTS_DIR; };
		89C0CA252924FC7600457467 /* SwiftyRSA.framework */ = {isa = PBXFileReference; explicitFileType = wrapper.framework; path = SwiftyRSA.framework; sourceTree = BUILT_PRODUCTS_DIR; };
		89C0CA6C2925F0D200457467 /* TestCapillary.app */ = {isa = PBXFileReference; explicitFileType = wrapper.application; includeInIndex = 0; path = TestCapillary.app; sourceTree = BUILT_PRODUCTS_DIR; };
		89C0CA6E2925F0D200457467 /* TestCapillaryApp.swift */ = {isa = PBXFileReference; lastKnownFileType = sourcecode.swift; path = TestCapillaryApp.swift; sourceTree = "<group>"; };
		89C0CA702925F0D200457467 /* ContentView.swift */ = {isa = PBXFileReference; lastKnownFileType = sourcecode.swift; path = ContentView.swift; sourceTree = "<group>"; };
		89C0CA722925F0D300457467 /* Assets.xcassets */ = {isa = PBXFileReference; lastKnownFileType = folder.assetcatalog; path = Assets.xcassets; sourceTree = "<group>"; };
		89C0CA752925F0D300457467 /* Preview Assets.xcassets */ = {isa = PBXFileReference; lastKnownFileType = folder.assetcatalog; path = "Preview Assets.xcassets"; sourceTree = "<group>"; };
		89C0CA7B2925F0D400457467 /* TestCapillaryTests.xctest */ = {isa = PBXFileReference; explicitFileType = wrapper.cfbundle; includeInIndex = 0; path = TestCapillaryTests.xctest; sourceTree = BUILT_PRODUCTS_DIR; };
		89C0CA7F2925F0D400457467 /* TestCapillaryTests.swift */ = {isa = PBXFileReference; lastKnownFileType = sourcecode.swift; path = TestCapillaryTests.swift; sourceTree = "<group>"; };
		89C0CA852925F0D400457467 /* TestCapillaryUITests.xctest */ = {isa = PBXFileReference; explicitFileType = wrapper.cfbundle; includeInIndex = 0; path = TestCapillaryUITests.xctest; sourceTree = BUILT_PRODUCTS_DIR; };
		89C0CA892925F0D400457467 /* TestCapillaryUITests.swift */ = {isa = PBXFileReference; lastKnownFileType = sourcecode.swift; path = TestCapillaryUITests.swift; sourceTree = "<group>"; };
		89C0CA8B2925F0D400457467 /* TestCapillaryUITestsLaunchTests.swift */ = {isa = PBXFileReference; lastKnownFileType = sourcecode.swift; path = TestCapillaryUITestsLaunchTests.swift; sourceTree = "<group>"; };
		89C0CA962925F19700457467 /* SwiftyRSA.framework */ = {isa = PBXFileReference; explicitFileType = wrapper.framework; path = SwiftyRSA.framework; sourceTree = BUILT_PRODUCTS_DIR; };
		89C0CA9A2925F1B900457467 /* SwiftyRSA.framework */ = {isa = PBXFileReference; explicitFileType = wrapper.framework; path = SwiftyRSA.framework; sourceTree = BUILT_PRODUCTS_DIR; };
		89C0CA9E2925F38800457467 /* SwiftyRSA.framework */ = {isa = PBXFileReference; explicitFileType = wrapper.framework; path = SwiftyRSA.framework; sourceTree = BUILT_PRODUCTS_DIR; };
		89C0CAA12925F3B300457467 /* SwiftyRSA.framework.dSYM */ = {isa = PBXFileReference; lastKnownFileType = wrapper.dsym; path = SwiftyRSA.framework.dSYM; sourceTree = "<group>"; };
		89C0CAA22925F3B300457467 /* SwiftyRSA.framework */ = {isa = PBXFileReference; lastKnownFileType = wrapper.framework; path = SwiftyRSA.framework; sourceTree = "<group>"; };
		89C0CAA52925F48900457467 /* SwiftyRSA.framework */ = {isa = PBXFileReference; explicitFileType = wrapper.framework; path = SwiftyRSA.framework; sourceTree = BUILT_PRODUCTS_DIR; };
		89C0CAA92925F48C00457467 /* Pods_capillaryios.framework */ = {isa = PBXFileReference; explicitFileType = wrapper.framework; path = Pods_capillaryios.framework; sourceTree = BUILT_PRODUCTS_DIR; };
		89C0CAB12925F4B800457467 /* Pods_capillaryios.framework */ = {isa = PBXFileReference; lastKnownFileType = wrapper.framework; name = Pods_capillaryios.framework; path = "build/Build/Products/Release-iphonesimulator/Pods_capillaryios.framework"; sourceTree = "<group>"; };
		89D0E25A2925211400DA679C /* SwiftyRSA.framework */ = {isa = PBXFileReference; explicitFileType = wrapper.framework; path = SwiftyRSA.framework; sourceTree = BUILT_PRODUCTS_DIR; };
/* End PBXFileReference section */

/* Begin PBXFrameworksBuildPhase section */
		89B4386C2923B4ED00581DA2 /* Frameworks */ = {
			isa = PBXFrameworksBuildPhase;
			buildActionMask = 2147483647;
			files = (
				89D0E25B2925211400DA679C /* SwiftyRSA.framework in Frameworks */,
				BAE841B7DF88AE148646E99D /* Pods_capillaryios.framework in Frameworks */,
				89A0CCC92926811C000244CD /* SwiftyRSA in Frameworks */,
			);
			runOnlyForDeploymentPostprocessing = 0;
		};
		89C0CA692925F0D200457467 /* Frameworks */ = {
			isa = PBXFrameworksBuildPhase;
			buildActionMask = 2147483647;
			files = (
				893ABFFD29276D2100DC40F3 /* SwiftyRSA.framework in Frameworks */,
				89A0CCC629267E4B000244CD /* libcapillaryios.a in Frameworks */,
			);
			runOnlyForDeploymentPostprocessing = 0;
		};
		89C0CA782925F0D400457467 /* Frameworks */ = {
			isa = PBXFrameworksBuildPhase;
			buildActionMask = 2147483647;
			files = (
			);
			runOnlyForDeploymentPostprocessing = 0;
		};
		89C0CA822925F0D400457467 /* Frameworks */ = {
			isa = PBXFrameworksBuildPhase;
			buildActionMask = 2147483647;
			files = (
			);
			runOnlyForDeploymentPostprocessing = 0;
		};
/* End PBXFrameworksBuildPhase section */

/* Begin PBXGroup section */
		89B438662923B4ED00581DA2 = {
			isa = PBXGroup;
			children = (
				89B438712923B4ED00581DA2 /* capillaryios */,
				89C0CA6D2925F0D200457467 /* TestCapillary */,
				89C0CA7E2925F0D400457467 /* TestCapillaryTests */,
				89C0CA882925F0D400457467 /* TestCapillaryUITests */,
				89B438702923B4ED00581DA2 /* Products */,
				998EC770793059773FB772CD /* Pods */,
				DBBDFF30D46093802541E736 /* Frameworks */,
			);
			sourceTree = "<group>";
		};
		89B438702923B4ED00581DA2 /* Products */ = {
			isa = PBXGroup;
			children = (
				89B4386F2923B4ED00581DA2 /* libcapillaryios.a */,
				89C0CA6C2925F0D200457467 /* TestCapillary.app */,
				89C0CA7B2925F0D400457467 /* TestCapillaryTests.xctest */,
				89C0CA852925F0D400457467 /* TestCapillaryUITests.xctest */,
			);
			name = Products;
			sourceTree = "<group>";
		};
		89B438712923B4ED00581DA2 /* capillaryios */ = {
			isa = PBXGroup;
			children = (
				8950D5DC2923C0C50030FE7F /* capillaryios.swift */,
				89B438792923B4FF00581DA2 /* capillaryios-Bridging-Header.h */,
				89B780A42924A10B00F40435 /* RSAKeyManager.swift */,
				89B780A62924A14300F40435 /* CryptoExportImportManager.swift */,
			);
			path = capillaryios;
			sourceTree = "<group>";
		};
		89C0CA6D2925F0D200457467 /* TestCapillary */ = {
			isa = PBXGroup;
			children = (
				89C0CA6E2925F0D200457467 /* TestCapillaryApp.swift */,
				89C0CA702925F0D200457467 /* ContentView.swift */,
				89C0CA722925F0D300457467 /* Assets.xcassets */,
				89C0CA742925F0D300457467 /* Preview Content */,
			);
			path = TestCapillary;
			sourceTree = "<group>";
		};
		89C0CA742925F0D300457467 /* Preview Content */ = {
			isa = PBXGroup;
			children = (
				89C0CA752925F0D300457467 /* Preview Assets.xcassets */,
			);
			path = "Preview Content";
			sourceTree = "<group>";
		};
		89C0CA7E2925F0D400457467 /* TestCapillaryTests */ = {
			isa = PBXGroup;
			children = (
				89C0CA7F2925F0D400457467 /* TestCapillaryTests.swift */,
			);
			path = TestCapillaryTests;
			sourceTree = "<group>";
		};
		89C0CA882925F0D400457467 /* TestCapillaryUITests */ = {
			isa = PBXGroup;
			children = (
				89C0CA892925F0D400457467 /* TestCapillaryUITests.swift */,
				89C0CA8B2925F0D400457467 /* TestCapillaryUITestsLaunchTests.swift */,
			);
			path = TestCapillaryUITests;
			sourceTree = "<group>";
		};
		89C0CAA02925F3B300457467 /* SwiftyRSA */ = {
			isa = PBXGroup;
			children = (
				89C0CAA12925F3B300457467 /* SwiftyRSA.framework.dSYM */,
				89C0CAA22925F3B300457467 /* SwiftyRSA.framework */,
			);
			name = SwiftyRSA;
			path = "build/Build/Products/Release-iphonesimulator/SwiftyRSA";
			sourceTree = "<group>";
		};
		998EC770793059773FB772CD /* Pods */ = {
			isa = PBXGroup;
			children = (
				52044CAA64F59DB8E0A8AAA4 /* Pods-capillaryios.debug.xcconfig */,
				41F94D8187D1E0717CC2047F /* Pods-capillaryios.release.xcconfig */,
			);
			path = Pods;
			sourceTree = "<group>";
		};
		DBBDFF30D46093802541E736 /* Frameworks */ = {
			isa = PBXGroup;
			children = (
				893ABFFC29276D2100DC40F3 /* SwiftyRSA.framework */,
				89A0CCC429267D12000244CD /* Validator.framework */,
				89A0CCC229267CF7000244CD /* Validator.framework */,
				89A0CCC029267CD7000244CD /* Validator.framework */,
				89A0CCBE29267CBE000244CD /* Validator.framework */,
				89A0CCBC29267149000244CD /* Tink.framework */,
				89C0CAA92925F48C00457467 /* Pods_capillaryios.framework */,
				89C0CAB12925F4B800457467 /* Pods_capillaryios.framework */,
				89C0CAA52925F48900457467 /* SwiftyRSA.framework */,
				89C0CAA02925F3B300457467 /* SwiftyRSA */,
				89C0CA9E2925F38800457467 /* SwiftyRSA.framework */,
				89C0CA9A2925F1B900457467 /* SwiftyRSA.framework */,
				89C0CA962925F19700457467 /* SwiftyRSA.framework */,
				89D0E25A2925211400DA679C /* SwiftyRSA.framework */,
				89C0CA252924FC7600457467 /* SwiftyRSA.framework */,
				89C0CA202924FA8600457467 /* SwiftyRSA.framework */,
				7517511F1F3CB079C4052C53 /* Pods_capillaryios.framework */,
			);
			name = Frameworks;
			sourceTree = "<group>";
		};
/* End PBXGroup section */

/* Begin PBXNativeTarget section */
		89B4386E2923B4ED00581DA2 /* capillaryios */ = {
			isa = PBXNativeTarget;
			buildConfigurationList = 89B438762923B4ED00581DA2 /* Build configuration list for PBXNativeTarget "capillaryios" */;
			buildPhases = (
				9E071A7BA9885623B8E8FE4D /* [CP] Check Pods Manifest.lock */,
				89B4386B2923B4ED00581DA2 /* Sources */,
				89B4386C2923B4ED00581DA2 /* Frameworks */,
				89B4386D2923B4ED00581DA2 /* CopyFiles */,
				89B4387F2923B52500581DA2 /* ShellScript */,
			);
			buildRules = (
			);
			dependencies = (
				893ABFDF2927649600DC40F3 /* PBXTargetDependency */,
			);
			name = capillaryios;
			packageProductDependencies = (
				89A0CCC82926811C000244CD /* SwiftyRSA */,
			);
			productName = capillaryios;
			productReference = 89B4386F2923B4ED00581DA2 /* libcapillaryios.a */;
			productType = "com.apple.product-type.library.static";
		};
		89C0CA6B2925F0D200457467 /* TestCapillary */ = {
			isa = PBXNativeTarget;
			buildConfigurationList = 89C0CA8D2925F0D400457467 /* Build configuration list for PBXNativeTarget "TestCapillary" */;
			buildPhases = (
				89C0CA682925F0D200457467 /* Sources */,
				89C0CA692925F0D200457467 /* Frameworks */,
				89C0CA6A2925F0D200457467 /* Resources */,
				89C0CAA82925F48900457467 /* Embed Frameworks */,
			);
			buildRules = (
			);
			dependencies = (
				893ABFFF29276D2B00DC40F3 /* PBXTargetDependency */,
				89A0CCBB29267016000244CD /* PBXTargetDependency */,
			);
			name = TestCapillary;
			productName = TestCapillary;
			productReference = 89C0CA6C2925F0D200457467 /* TestCapillary.app */;
			productType = "com.apple.product-type.application";
		};
		89C0CA7A2925F0D400457467 /* TestCapillaryTests */ = {
			isa = PBXNativeTarget;
			buildConfigurationList = 89C0CA902925F0D400457467 /* Build configuration list for PBXNativeTarget "TestCapillaryTests" */;
			buildPhases = (
				89C0CA772925F0D400457467 /* Sources */,
				89C0CA782925F0D400457467 /* Frameworks */,
				89C0CA792925F0D400457467 /* Resources */,
			);
			buildRules = (
			);
			dependencies = (
				89C0CA7D2925F0D400457467 /* PBXTargetDependency */,
			);
			name = TestCapillaryTests;
			productName = TestCapillaryTests;
			productReference = 89C0CA7B2925F0D400457467 /* TestCapillaryTests.xctest */;
			productType = "com.apple.product-type.bundle.unit-test";
		};
		89C0CA842925F0D400457467 /* TestCapillaryUITests */ = {
			isa = PBXNativeTarget;
			buildConfigurationList = 89C0CA932925F0D400457467 /* Build configuration list for PBXNativeTarget "TestCapillaryUITests" */;
			buildPhases = (
				89C0CA812925F0D400457467 /* Sources */,
				89C0CA822925F0D400457467 /* Frameworks */,
				89C0CA832925F0D400457467 /* Resources */,
			);
			buildRules = (
			);
			dependencies = (
				89C0CA872925F0D400457467 /* PBXTargetDependency */,
			);
			name = TestCapillaryUITests;
			productName = TestCapillaryUITests;
			productReference = 89C0CA852925F0D400457467 /* TestCapillaryUITests.xctest */;
			productType = "com.apple.product-type.bundle.ui-testing";
		};
/* End PBXNativeTarget section */

/* Begin PBXProject section */
		89B438672923B4ED00581DA2 /* Project object */ = {
			isa = PBXProject;
			attributes = {
				BuildIndependentTargetsInParallel = 1;
				LastSwiftUpdateCheck = 1410;
				LastUpgradeCheck = 1410;
				TargetAttributes = {
					89B4386E2923B4ED00581DA2 = {
						CreatedOnToolsVersion = 14.1;
						LastSwiftMigration = 1410;
					};
					89C0CA6B2925F0D200457467 = {
						CreatedOnToolsVersion = 14.1;
					};
					89C0CA7A2925F0D400457467 = {
						CreatedOnToolsVersion = 14.1;
						TestTargetID = 89C0CA6B2925F0D200457467;
					};
					89C0CA842925F0D400457467 = {
						CreatedOnToolsVersion = 14.1;
						TestTargetID = 89C0CA6B2925F0D200457467;
					};
				};
			};
			buildConfigurationList = 89B4386A2923B4ED00581DA2 /* Build configuration list for PBXProject "capillaryios" */;
			compatibilityVersion = "Xcode 14.0";
			developmentRegion = en;
			hasScannedForEncodings = 0;
			knownRegions = (
				en,
				Base,
			);
			mainGroup = 89B438662923B4ED00581DA2;
			packageReferences = (
				89A0CCC72926811C000244CD /* XCRemoteSwiftPackageReference "SwiftyRSA" */,
			);
			productRefGroup = 89B438702923B4ED00581DA2 /* Products */;
			projectDirPath = "";
			projectRoot = "";
			targets = (
				89B4386E2923B4ED00581DA2 /* capillaryios */,
				89C0CA6B2925F0D200457467 /* TestCapillary */,
				89C0CA7A2925F0D400457467 /* TestCapillaryTests */,
				89C0CA842925F0D400457467 /* TestCapillaryUITests */,
			);
		};
/* End PBXProject section */

/* Begin PBXResourcesBuildPhase section */
		89C0CA6A2925F0D200457467 /* Resources */ = {
			isa = PBXResourcesBuildPhase;
			buildActionMask = 2147483647;
			files = (
				89C0CA762925F0D300457467 /* Preview Assets.xcassets in Resources */,
				89C0CA732925F0D300457467 /* Assets.xcassets in Resources */,
			);
			runOnlyForDeploymentPostprocessing = 0;
		};
		89C0CA792925F0D400457467 /* Resources */ = {
			isa = PBXResourcesBuildPhase;
			buildActionMask = 2147483647;
			files = (
			);
			runOnlyForDeploymentPostprocessing = 0;
		};
		89C0CA832925F0D400457467 /* Resources */ = {
			isa = PBXResourcesBuildPhase;
			buildActionMask = 2147483647;
			files = (
			);
			runOnlyForDeploymentPostprocessing = 0;
		};
/* End PBXResourcesBuildPhase section */

/* Begin PBXShellScriptBuildPhase section */
		89B4387F2923B52500581DA2 /* ShellScript */ = {
			isa = PBXShellScriptBuildPhase;
			buildActionMask = 2147483647;
			files = (
			);
			inputFileListPaths = (
			);
			inputPaths = (
			);
			outputFileListPaths = (
			);
			outputPaths = (
			);
			runOnlyForDeploymentPostprocessing = 0;
			shellPath = /bin/sh;
			shellScript = "# Copy Bridging Header to include directory.\\n# This should be done automatically, but there is a bug in Xcode:\\n# https://developer.apple.com/forums/thread/89209\n\ntargetDir=${BUILT_PRODUCTS_DIR}/include/${PRODUCT_MODULE_NAME}/\nmkdir -p $targetDir\necho \"Copying\"\necho ${targetDir}\necho ${DERIVED_SOURCES_DIR}\ncp ${DERIVED_SOURCES_DIR}/*-Swift.h ${targetDir}\n\n";
		};
		9E071A7BA9885623B8E8FE4D /* [CP] Check Pods Manifest.lock */ = {
			isa = PBXShellScriptBuildPhase;
			buildActionMask = 2147483647;
			files = (
			);
			inputFileListPaths = (
			);
			inputPaths = (
				"${PODS_PODFILE_DIR_PATH}/Podfile.lock",
				"${PODS_ROOT}/Manifest.lock",
			);
			name = "[CP] Check Pods Manifest.lock";
			outputFileListPaths = (
			);
			outputPaths = (
				"$(DERIVED_FILE_DIR)/Pods-capillaryios-checkManifestLockResult.txt",
			);
			runOnlyForDeploymentPostprocessing = 0;
			shellPath = /bin/sh;
			shellScript = "diff \"${PODS_PODFILE_DIR_PATH}/Podfile.lock\" \"${PODS_ROOT}/Manifest.lock\" > /dev/null\nif [ $? != 0 ] ; then\n    # print error to STDERR\n    echo \"error: The sandbox is not in sync with the Podfile.lock. Run 'pod install' or update your CocoaPods installation.\" >&2\n    exit 1\nfi\n# This output is used by Xcode 'outputs' to avoid re-running this script phase.\necho \"SUCCESS\" > \"${SCRIPT_OUTPUT_FILE_0}\"\n";
			showEnvVarsInLog = 0;
		};
/* End PBXShellScriptBuildPhase section */

/* Begin PBXSourcesBuildPhase section */
		89B4386B2923B4ED00581DA2 /* Sources */ = {
			isa = PBXSourcesBuildPhase;
			buildActionMask = 2147483647;
			files = (
				89B780A72924A14300F40435 /* CryptoExportImportManager.swift in Sources */,
				89B780A52924A10B00F40435 /* RSAKeyManager.swift in Sources */,
				8950D5DD2923C0C50030FE7F /* capillaryios.swift in Sources */,
			);
			runOnlyForDeploymentPostprocessing = 0;
		};
		89C0CA682925F0D200457467 /* Sources */ = {
			isa = PBXSourcesBuildPhase;
			buildActionMask = 2147483647;
			files = (
				89C0CA712925F0D200457467 /* ContentView.swift in Sources */,
				89C0CA6F2925F0D200457467 /* TestCapillaryApp.swift in Sources */,
			);
			runOnlyForDeploymentPostprocessing = 0;
		};
		89C0CA772925F0D400457467 /* Sources */ = {
			isa = PBXSourcesBuildPhase;
			buildActionMask = 2147483647;
			files = (
				89C0CA802925F0D400457467 /* TestCapillaryTests.swift in Sources */,
			);
			runOnlyForDeploymentPostprocessing = 0;
		};
		89C0CA812925F0D400457467 /* Sources */ = {
			isa = PBXSourcesBuildPhase;
			buildActionMask = 2147483647;
			files = (
				89C0CA8C2925F0D400457467 /* TestCapillaryUITestsLaunchTests.swift in Sources */,
				89C0CA8A2925F0D400457467 /* TestCapillaryUITests.swift in Sources */,
			);
			runOnlyForDeploymentPostprocessing = 0;
		};
/* End PBXSourcesBuildPhase section */

/* Begin PBXTargetDependency section */
		893ABFDF2927649600DC40F3 /* PBXTargetDependency */ = {
			isa = PBXTargetDependency;
			productRef = 893ABFDE2927649600DC40F3 /* SwiftyRSA */;
		};
		893ABFFF29276D2B00DC40F3 /* PBXTargetDependency */ = {
			isa = PBXTargetDependency;
			productRef = 893ABFFE29276D2B00DC40F3 /* SwiftyRSA */;
		};
		89A0CCBB29267016000244CD /* PBXTargetDependency */ = {
			isa = PBXTargetDependency;
			target = 89B4386E2923B4ED00581DA2 /* capillaryios */;
			targetProxy = 89A0CCBA29267016000244CD /* PBXContainerItemProxy */;
		};
		89C0CA7D2925F0D400457467 /* PBXTargetDependency */ = {
			isa = PBXTargetDependency;
			target = 89C0CA6B2925F0D200457467 /* TestCapillary */;
			targetProxy = 89C0CA7C2925F0D400457467 /* PBXContainerItemProxy */;
		};
		89C0CA872925F0D400457467 /* PBXTargetDependency */ = {
			isa = PBXTargetDependency;
			target = 89C0CA6B2925F0D200457467 /* TestCapillary */;
			targetProxy = 89C0CA862925F0D400457467 /* PBXContainerItemProxy */;
		};
/* End PBXTargetDependency section */

/* Begin XCBuildConfiguration section */
		89B438742923B4ED00581DA2 /* Debug */ = {
			isa = XCBuildConfiguration;
			buildSettings = {
				ALWAYS_SEARCH_USER_PATHS = NO;
				CLANG_ANALYZER_NONNULL = YES;
				CLANG_ANALYZER_NUMBER_OBJECT_CONVERSION = YES_AGGRESSIVE;
				CLANG_CXX_LANGUAGE_STANDARD = "gnu++20";
				CLANG_ENABLE_MODULES = YES;
				CLANG_ENABLE_OBJC_ARC = YES;
				CLANG_ENABLE_OBJC_WEAK = YES;
				CLANG_WARN_BLOCK_CAPTURE_AUTORELEASING = YES;
				CLANG_WARN_BOOL_CONVERSION = YES;
				CLANG_WARN_COMMA = YES;
				CLANG_WARN_CONSTANT_CONVERSION = YES;
				CLANG_WARN_DEPRECATED_OBJC_IMPLEMENTATIONS = YES;
				CLANG_WARN_DIRECT_OBJC_ISA_USAGE = YES_ERROR;
				CLANG_WARN_DOCUMENTATION_COMMENTS = YES;
				CLANG_WARN_EMPTY_BODY = YES;
				CLANG_WARN_ENUM_CONVERSION = YES;
				CLANG_WARN_INFINITE_RECURSION = YES;
				CLANG_WARN_INT_CONVERSION = YES;
				CLANG_WARN_NON_LITERAL_NULL_CONVERSION = YES;
				CLANG_WARN_OBJC_IMPLICIT_RETAIN_SELF = YES;
				CLANG_WARN_OBJC_LITERAL_CONVERSION = YES;
				CLANG_WARN_OBJC_ROOT_CLASS = YES_ERROR;
				CLANG_WARN_QUOTED_INCLUDE_IN_FRAMEWORK_HEADER = YES;
				CLANG_WARN_RANGE_LOOP_ANALYSIS = YES;
				CLANG_WARN_STRICT_PROTOTYPES = YES;
				CLANG_WARN_SUSPICIOUS_MOVE = YES;
				CLANG_WARN_UNGUARDED_AVAILABILITY = YES_AGGRESSIVE;
				CLANG_WARN_UNREACHABLE_CODE = YES;
				CLANG_WARN__DUPLICATE_METHOD_MATCH = YES;
				COPY_PHASE_STRIP = NO;
				DEBUG_INFORMATION_FORMAT = dwarf;
				ENABLE_STRICT_OBJC_MSGSEND = YES;
				ENABLE_TESTABILITY = YES;
				GCC_C_LANGUAGE_STANDARD = gnu11;
				GCC_DYNAMIC_NO_PIC = NO;
				GCC_NO_COMMON_BLOCKS = YES;
				GCC_OPTIMIZATION_LEVEL = 0;
				GCC_PREPROCESSOR_DEFINITIONS = (
					"DEBUG=1",
					"$(inherited)",
				);
				GCC_WARN_64_TO_32_BIT_CONVERSION = YES;
				GCC_WARN_ABOUT_RETURN_TYPE = YES_ERROR;
				GCC_WARN_UNDECLARED_SELECTOR = YES;
				GCC_WARN_UNINITIALIZED_AUTOS = YES_AGGRESSIVE;
				GCC_WARN_UNUSED_FUNCTION = YES;
				GCC_WARN_UNUSED_VARIABLE = YES;
				IPHONEOS_DEPLOYMENT_TARGET = 13.0;
				MTL_ENABLE_DEBUG_INFO = INCLUDE_SOURCE;
				MTL_FAST_MATH = YES;
				ONLY_ACTIVE_ARCH = YES;
				SDKROOT = iphoneos;
				SWIFT_ACTIVE_COMPILATION_CONDITIONS = DEBUG;
				SWIFT_OBJC_BRIDGING_HEADER = "capillaryios/capillaryios-Bridging-Header.h";
				SWIFT_OPTIMIZATION_LEVEL = "-Onone";
			};
			name = Debug;
		};
		89B438752923B4ED00581DA2 /* Release */ = {
			isa = XCBuildConfiguration;
			buildSettings = {
				ALWAYS_SEARCH_USER_PATHS = NO;
				CLANG_ANALYZER_NONNULL = YES;
				CLANG_ANALYZER_NUMBER_OBJECT_CONVERSION = YES_AGGRESSIVE;
				CLANG_CXX_LANGUAGE_STANDARD = "gnu++20";
				CLANG_ENABLE_MODULES = YES;
				CLANG_ENABLE_OBJC_ARC = YES;
				CLANG_ENABLE_OBJC_WEAK = YES;
				CLANG_WARN_BLOCK_CAPTURE_AUTORELEASING = YES;
				CLANG_WARN_BOOL_CONVERSION = YES;
				CLANG_WARN_COMMA = YES;
				CLANG_WARN_CONSTANT_CONVERSION = YES;
				CLANG_WARN_DEPRECATED_OBJC_IMPLEMENTATIONS = YES;
				CLANG_WARN_DIRECT_OBJC_ISA_USAGE = YES_ERROR;
				CLANG_WARN_DOCUMENTATION_COMMENTS = YES;
				CLANG_WARN_EMPTY_BODY = YES;
				CLANG_WARN_ENUM_CONVERSION = YES;
				CLANG_WARN_INFINITE_RECURSION = YES;
				CLANG_WARN_INT_CONVERSION = YES;
				CLANG_WARN_NON_LITERAL_NULL_CONVERSION = YES;
				CLANG_WARN_OBJC_IMPLICIT_RETAIN_SELF = YES;
				CLANG_WARN_OBJC_LITERAL_CONVERSION = YES;
				CLANG_WARN_OBJC_ROOT_CLASS = YES_ERROR;
				CLANG_WARN_QUOTED_INCLUDE_IN_FRAMEWORK_HEADER = YES;
				CLANG_WARN_RANGE_LOOP_ANALYSIS = YES;
				CLANG_WARN_STRICT_PROTOTYPES = YES;
				CLANG_WARN_SUSPICIOUS_MOVE = YES;
				CLANG_WARN_UNGUARDED_AVAILABILITY = YES_AGGRESSIVE;
				CLANG_WARN_UNREACHABLE_CODE = YES;
				CLANG_WARN__DUPLICATE_METHOD_MATCH = YES;
				COPY_PHASE_STRIP = NO;
				DEBUG_INFORMATION_FORMAT = "dwarf-with-dsym";
				ENABLE_NS_ASSERTIONS = NO;
				ENABLE_STRICT_OBJC_MSGSEND = YES;
				GCC_C_LANGUAGE_STANDARD = gnu11;
				GCC_NO_COMMON_BLOCKS = YES;
				GCC_WARN_64_TO_32_BIT_CONVERSION = YES;
				GCC_WARN_ABOUT_RETURN_TYPE = YES_ERROR;
				GCC_WARN_UNDECLARED_SELECTOR = YES;
				GCC_WARN_UNINITIALIZED_AUTOS = YES_AGGRESSIVE;
				GCC_WARN_UNUSED_FUNCTION = YES;
				GCC_WARN_UNUSED_VARIABLE = YES;
				IPHONEOS_DEPLOYMENT_TARGET = 13.0;
				MTL_ENABLE_DEBUG_INFO = NO;
				MTL_FAST_MATH = YES;
				SDKROOT = iphoneos;
				SWIFT_COMPILATION_MODE = wholemodule;
				SWIFT_OBJC_BRIDGING_HEADER = "capillaryios/capillaryios-Bridging-Header.h";
				SWIFT_OPTIMIZATION_LEVEL = "-O";
				VALIDATE_PRODUCT = YES;
			};
			name = Release;
		};
		89B438772923B4ED00581DA2 /* Debug */ = {
			isa = XCBuildConfiguration;
			baseConfigurationReference = 52044CAA64F59DB8E0A8AAA4 /* Pods-capillaryios.debug.xcconfig */;
			buildSettings = {
				CLANG_ENABLE_MODULES = YES;
				CODE_SIGN_STYLE = Automatic;
				DEVELOPMENT_TEAM = P3R865242N;
				ENABLE_TESTING_SEARCH_PATHS = YES;
				LD_RUNPATH_SEARCH_PATHS = (
					"$(inherited)",
					"@executable_path/Frameworks",
					"@loader_path/Frameworks",
				);
				OTHER_LDFLAGS = "-ObjC";
				PRODUCT_NAME = "$(TARGET_NAME)";
				SKIP_INSTALL = YES;
				SWIFT_OBJC_BRIDGING_HEADER = "capillaryios/capillaryios-Bridging-Header.h";
				SWIFT_OPTIMIZATION_LEVEL = "-Onone";
				SWIFT_VERSION = 5.0;
				TARGETED_DEVICE_FAMILY = "1,2";
			};
			name = Debug;
		};
		89B438782923B4ED00581DA2 /* Release */ = {
			isa = XCBuildConfiguration;
			baseConfigurationReference = 41F94D8187D1E0717CC2047F /* Pods-capillaryios.release.xcconfig */;
			buildSettings = {
				CLANG_ENABLE_MODULES = YES;
				CODE_SIGN_STYLE = Automatic;
				DEVELOPMENT_TEAM = P3R865242N;
				ENABLE_TESTING_SEARCH_PATHS = YES;
				LD_RUNPATH_SEARCH_PATHS = (
					"$(inherited)",
					"@executable_path/Frameworks",
					"@loader_path/Frameworks",
				);
				OTHER_LDFLAGS = "-ObjC";
				PRODUCT_NAME = "$(TARGET_NAME)";
				SKIP_INSTALL = YES;
				SWIFT_OBJC_BRIDGING_HEADER = "capillaryios/capillaryios-Bridging-Header.h";
				SWIFT_VERSION = 5.0;
				TARGETED_DEVICE_FAMILY = "1,2";
			};
			name = Release;
		};
		89C0CA8E2925F0D400457467 /* Debug */ = {
			isa = XCBuildConfiguration;
			buildSettings = {
				ASSETCATALOG_COMPILER_APPICON_NAME = AppIcon;
				ASSETCATALOG_COMPILER_GLOBAL_ACCENT_COLOR_NAME = AccentColor;
				CODE_SIGN_STYLE = Automatic;
				CURRENT_PROJECT_VERSION = 1;
				DEVELOPMENT_ASSET_PATHS = "\"TestCapillary/Preview Content\"";
				DEVELOPMENT_TEAM = S4G3GQXM69;
				ENABLE_PREVIEWS = YES;
				FRAMEWORK_SEARCH_PATHS = (
					"$(inherited)",
					"$(PROJECT_DIR)/build/Build/Products/Release-iphonesimulator/SwiftyRSA",
					"$(PROJECT_DIR)/build/Build/Products/Release-iphonesimulator",
					"$(PROJECT_DIR)/Pods/Tink/Frameworks",
					"$(PROJECT_DIR)/build/Build/Products/Release-iphonesimulator/PackageFrameworks",
				);
				GENERATE_INFOPLIST_FILE = YES;
				INFOPLIST_KEY_UIApplicationSceneManifest_Generation = YES;
				INFOPLIST_KEY_UIApplicationSupportsIndirectInputEvents = YES;
				INFOPLIST_KEY_UILaunchScreen_Generation = YES;
				INFOPLIST_KEY_UISupportedInterfaceOrientations_iPad = "UIInterfaceOrientationPortrait UIInterfaceOrientationPortraitUpsideDown UIInterfaceOrientationLandscapeLeft UIInterfaceOrientationLandscapeRight";
				INFOPLIST_KEY_UISupportedInterfaceOrientations_iPhone = "UIInterfaceOrientationPortrait UIInterfaceOrientationLandscapeLeft UIInterfaceOrientationLandscapeRight";
				IPHONEOS_DEPLOYMENT_TARGET = 16.1;
				LD_RUNPATH_SEARCH_PATHS = (
					"$(inherited)",
					"@executable_path/Frameworks",
				);
				MARKETING_VERSION = 1.0;
				PRODUCT_BUNDLE_IDENTIFIER = dev.baseio.capillary.TestCapillary;
				PRODUCT_NAME = "$(TARGET_NAME)";
				SWIFT_EMIT_LOC_STRINGS = YES;
				SWIFT_VERSION = 5.0;
				TARGETED_DEVICE_FAMILY = "1,2";
			};
			name = Debug;
		};
		89C0CA8F2925F0D400457467 /* Release */ = {
			isa = XCBuildConfiguration;
			buildSettings = {
				ASSETCATALOG_COMPILER_APPICON_NAME = AppIcon;
				ASSETCATALOG_COMPILER_GLOBAL_ACCENT_COLOR_NAME = AccentColor;
				CODE_SIGN_STYLE = Automatic;
				CURRENT_PROJECT_VERSION = 1;
				DEVELOPMENT_ASSET_PATHS = "\"TestCapillary/Preview Content\"";
				DEVELOPMENT_TEAM = S4G3GQXM69;
				ENABLE_PREVIEWS = YES;
				FRAMEWORK_SEARCH_PATHS = (
					"$(inherited)",
					"$(PROJECT_DIR)/build/Build/Products/Release-iphonesimulator/SwiftyRSA",
					"$(PROJECT_DIR)/build/Build/Products/Release-iphonesimulator",
					"$(PROJECT_DIR)/Pods/Tink/Frameworks",
					"$(PROJECT_DIR)/build/Build/Products/Release-iphonesimulator/PackageFrameworks",
				);
				GENERATE_INFOPLIST_FILE = YES;
				INFOPLIST_KEY_UIApplicationSceneManifest_Generation = YES;
				INFOPLIST_KEY_UIApplicationSupportsIndirectInputEvents = YES;
				INFOPLIST_KEY_UILaunchScreen_Generation = YES;
				INFOPLIST_KEY_UISupportedInterfaceOrientations_iPad = "UIInterfaceOrientationPortrait UIInterfaceOrientationPortraitUpsideDown UIInterfaceOrientationLandscapeLeft UIInterfaceOrientationLandscapeRight";
				INFOPLIST_KEY_UISupportedInterfaceOrientations_iPhone = "UIInterfaceOrientationPortrait UIInterfaceOrientationLandscapeLeft UIInterfaceOrientationLandscapeRight";
				IPHONEOS_DEPLOYMENT_TARGET = 16.1;
				LD_RUNPATH_SEARCH_PATHS = (
					"$(inherited)",
					"@executable_path/Frameworks",
				);
				MARKETING_VERSION = 1.0;
				PRODUCT_BUNDLE_IDENTIFIER = dev.baseio.capillary.TestCapillary;
				PRODUCT_NAME = "$(TARGET_NAME)";
				SWIFT_EMIT_LOC_STRINGS = YES;
				SWIFT_VERSION = 5.0;
				TARGETED_DEVICE_FAMILY = "1,2";
			};
			name = Release;
		};
		89C0CA912925F0D400457467 /* Debug */ = {
			isa = XCBuildConfiguration;
			buildSettings = {
				ALWAYS_EMBED_SWIFT_STANDARD_LIBRARIES = YES;
				BUNDLE_LOADER = "$(TEST_HOST)";
				CODE_SIGN_STYLE = Automatic;
				CURRENT_PROJECT_VERSION = 1;
				DEVELOPMENT_TEAM = S4G3GQXM69;
				GENERATE_INFOPLIST_FILE = YES;
				IPHONEOS_DEPLOYMENT_TARGET = 16.1;
				MARKETING_VERSION = 1.0;
				PRODUCT_BUNDLE_IDENTIFIER = dev.baseio.capillary.TestCapillaryTests;
				PRODUCT_NAME = "$(TARGET_NAME)";
				SWIFT_EMIT_LOC_STRINGS = NO;
				SWIFT_VERSION = 5.0;
				TARGETED_DEVICE_FAMILY = "1,2";
				TEST_HOST = "$(BUILT_PRODUCTS_DIR)/TestCapillary.app/$(BUNDLE_EXECUTABLE_FOLDER_PATH)/TestCapillary";
			};
			name = Debug;
		};
		89C0CA922925F0D400457467 /* Release */ = {
			isa = XCBuildConfiguration;
			buildSettings = {
				ALWAYS_EMBED_SWIFT_STANDARD_LIBRARIES = YES;
				BUNDLE_LOADER = "$(TEST_HOST)";
				CODE_SIGN_STYLE = Automatic;
				CURRENT_PROJECT_VERSION = 1;
				DEVELOPMENT_TEAM = S4G3GQXM69;
				GENERATE_INFOPLIST_FILE = YES;
				IPHONEOS_DEPLOYMENT_TARGET = 16.1;
				MARKETING_VERSION = 1.0;
				PRODUCT_BUNDLE_IDENTIFIER = dev.baseio.capillary.TestCapillaryTests;
				PRODUCT_NAME = "$(TARGET_NAME)";
				SWIFT_EMIT_LOC_STRINGS = NO;
				SWIFT_VERSION = 5.0;
				TARGETED_DEVICE_FAMILY = "1,2";
				TEST_HOST = "$(BUILT_PRODUCTS_DIR)/TestCapillary.app/$(BUNDLE_EXECUTABLE_FOLDER_PATH)/TestCapillary";
			};
			name = Release;
		};
		89C0CA942925F0D400457467 /* Debug */ = {
			isa = XCBuildConfiguration;
			buildSettings = {
				ALWAYS_EMBED_SWIFT_STANDARD_LIBRARIES = YES;
				CODE_SIGN_STYLE = Automatic;
				CURRENT_PROJECT_VERSION = 1;
				DEVELOPMENT_TEAM = S4G3GQXM69;
				GENERATE_INFOPLIST_FILE = YES;
				IPHONEOS_DEPLOYMENT_TARGET = 16.1;
				MARKETING_VERSION = 1.0;
				PRODUCT_BUNDLE_IDENTIFIER = dev.baseio.capillary.TestCapillaryUITests;
				PRODUCT_NAME = "$(TARGET_NAME)";
				SWIFT_EMIT_LOC_STRINGS = NO;
				SWIFT_VERSION = 5.0;
				TARGETED_DEVICE_FAMILY = "1,2";
				TEST_TARGET_NAME = TestCapillary;
			};
			name = Debug;
		};
		89C0CA952925F0D400457467 /* Release */ = {
			isa = XCBuildConfiguration;
			buildSettings = {
				ALWAYS_EMBED_SWIFT_STANDARD_LIBRARIES = YES;
				CODE_SIGN_STYLE = Automatic;
				CURRENT_PROJECT_VERSION = 1;
				DEVELOPMENT_TEAM = S4G3GQXM69;
				GENERATE_INFOPLIST_FILE = YES;
				IPHONEOS_DEPLOYMENT_TARGET = 16.1;
				MARKETING_VERSION = 1.0;
				PRODUCT_BUNDLE_IDENTIFIER = dev.baseio.capillary.TestCapillaryUITests;
				PRODUCT_NAME = "$(TARGET_NAME)";
				SWIFT_EMIT_LOC_STRINGS = NO;
				SWIFT_VERSION = 5.0;
				TARGETED_DEVICE_FAMILY = "1,2";
				TEST_TARGET_NAME = TestCapillary;
			};
			name = Release;
		};
/* End XCBuildConfiguration section */

/* Begin XCConfigurationList section */
		89B4386A2923B4ED00581DA2 /* Build configuration list for PBXProject "capillaryios" */ = {
			isa = XCConfigurationList;
			buildConfigurations = (
				89B438742923B4ED00581DA2 /* Debug */,
				89B438752923B4ED00581DA2 /* Release */,
			);
			defaultConfigurationIsVisible = 0;
			defaultConfigurationName = Release;
		};
		89B438762923B4ED00581DA2 /* Build configuration list for PBXNativeTarget "capillaryios" */ = {
			isa = XCConfigurationList;
			buildConfigurations = (
				89B438772923B4ED00581DA2 /* Debug */,
				89B438782923B4ED00581DA2 /* Release */,
			);
			defaultConfigurationIsVisible = 0;
			defaultConfigurationName = Release;
		};
		89C0CA8D2925F0D400457467 /* Build configuration list for PBXNativeTarget "TestCapillary" */ = {
			isa = XCConfigurationList;
			buildConfigurations = (
				89C0CA8E2925F0D400457467 /* Debug */,
				89C0CA8F2925F0D400457467 /* Release */,
			);
			defaultConfigurationIsVisible = 0;
			defaultConfigurationName = Release;
		};
		89C0CA902925F0D400457467 /* Build configuration list for PBXNativeTarget "TestCapillaryTests" */ = {
			isa = XCConfigurationList;
			buildConfigurations = (
				89C0CA912925F0D400457467 /* Debug */,
				89C0CA922925F0D400457467 /* Release */,
			);
			defaultConfigurationIsVisible = 0;
			defaultConfigurationName = Release;
		};
		89C0CA932925F0D400457467 /* Build configuration list for PBXNativeTarget "TestCapillaryUITests" */ = {
			isa = XCConfigurationList;
			buildConfigurations = (
				89C0CA942925F0D400457467 /* Debug */,
				89C0CA952925F0D400457467 /* Release */,
			);
			defaultConfigurationIsVisible = 0;
			defaultConfigurationName = Release;
		};
/* End XCConfigurationList section */

/* Begin XCRemoteSwiftPackageReference section */
		89A0CCC72926811C000244CD /* XCRemoteSwiftPackageReference "SwiftyRSA" */ = {
			isa = XCRemoteSwiftPackageReference;
			repositoryURL = "https://github.com/TakeScoop/SwiftyRSA";
			requirement = {
				branch = master;
				kind = branch;
			};
		};
/* End XCRemoteSwiftPackageReference section */

/* Begin XCSwiftPackageProductDependency section */
		893ABFDE2927649600DC40F3 /* SwiftyRSA */ = {
			isa = XCSwiftPackageProductDependency;
			package = 89A0CCC72926811C000244CD /* XCRemoteSwiftPackageReference "SwiftyRSA" */;
			productName = SwiftyRSA;
		};
		893ABFFE29276D2B00DC40F3 /* SwiftyRSA */ = {
			isa = XCSwiftPackageProductDependency;
			package = 89A0CCC72926811C000244CD /* XCRemoteSwiftPackageReference "SwiftyRSA" */;
			productName = SwiftyRSA;
		};
		89A0CCC82926811C000244CD /* SwiftyRSA */ = {
			isa = XCSwiftPackageProductDependency;
			package = 89A0CCC72926811C000244CD /* XCRemoteSwiftPackageReference "SwiftyRSA" */;
			productName = SwiftyRSA;
		};
/* End XCSwiftPackageProductDependency section */
	};
	rootObject = 89B438672923B4ED00581DA2 /* Project object */;
}
